{
  "name": "package.json",
  "version": "1.0.0",
  "lockfileVersion": 1,
  "requires": true,
  "dependencies": {
    "@grapecity/spread-excelio": {
      "version": "16.0.4",
      "resolved": "https://registry.npmjs.org/@grapecity/spread-excelio/-/spread-excelio-16.0.4.tgz",
      "integrity": "sha512-cnkzkarYvvG24zZOFdghv3d/83TcBQW2fjdR68xltpYZg2gE/T9D34YLGm20QhxWmkOJFsN/bj9B9RjyL6YsTw==",
      "requires": {
        "@grapecity/spread-sheets": "16.0.4"
      }
    },
    "@grapecity/spread-sheets": {
      "version": "16.0.4",
      "resolved": "https://registry.npmjs.org/@grapecity/spread-sheets/-/spread-sheets-16.0.4.tgz",
      "integrity": "sha512-C2zCg7yvzT7Wdf6inUhdDsnrXKRSn0cgJD39jvlxh3w9nVlTScNLNbL12RkC5PKlxk9o74EQmMCG/r5xc37gOA=="
    },
    "jquery": {
      "version": "3.6.3",
      "resolved": "https://registry.npmjs.org/jquery/-/jquery-3.6.3.tgz",
      "integrity": "sha512-bZ5Sy3YzKo9Fyc8wH2iIQK4JImJ6R0GWI9kL1/k7Z91ZBNgkRXE6U0JfHIizZbort8ZunhSI3jw9I6253ahKfg=="
    }
  }
}
